{
  "name": "node-utils",
  "version": "1.0.0",
  "lockfileVersion": 1,
  "requires": true,
  "dependencies": {
    "functional.js": {
      "version": "0.8.0",
      "resolved": "https://registry.npmjs.org/functional.js/-/functional.js-0.8.0.tgz",
      "integrity": "sha1-v6paTtETcAhWDkoVgKGQir/pIV8="
    },
    "rapid-downloader": {
      "version": "1.2.5",
      "resolved": "https://registry.npmjs.org/rapid-downloader/-/rapid-downloader-1.2.5.tgz",
      "integrity": "sha512-kKCQo3RiiIsOpecJbjru/klXY0H6nbdMmwnZIAcSIaCGXXT/Yv6ltzh/uq63NDg46i7HOYWKlztL+ClbzVFLeg==",
      "requires": {
        "functional.js": "^0.8.0"
      }
    }
  }
}
